PODS:
  - CrutchKit (0.0.4):
    - CrutchKit/AnimationHandling (= 0.0.4)
    - CrutchKit/Debug (= 0.0.4)
    - CrutchKit/Helpers (= 0.0.4)
    - CrutchKit/Proxying (= 0.0.4)
    - CrutchKit/Runtime (= 0.0.4)
  - CrutchKit/AnimationHandling (0.0.4):
    - CrutchKit/Helpers
  - CrutchKit/Debug (0.0.4)
  - CrutchKit/Helpers (0.0.4)
  - CrutchKit/Proxying (0.0.4):
    - CrutchKit/Runtime
  - CrutchKit/Runtime (0.0.4)

DEPENDENCIES:
  - CrutchKit (from `../../`)

EXTERNAL SOURCES:
  CrutchKit:
    :path: ../../

SPEC CHECKSUMS:
  CrutchKit: 5e2da7e29161f4f54f575b1ca5f12b67a099d502

COCOAPODS: 0.39.0
