// !$*UTF8*$!
{
	archiveVersion = 1;
	classes = {
	};
	objectVersion = 46;
	objects = {

/* Begin PBXBuildFile section */
		DD70C08E1B1DB68A0096AE1B /* main.m in Sources */ = {isa = PBXBuildFile; fileRef = DD70C08D1B1DB68A0096AE1B /* main.m */; };
		DD70C0911B1DB68A0096AE1B /* AppDelegate.m in Sources */ = {isa = PBXBuildFile; fileRef = DD70C0901B1DB68A0096AE1B /* AppDelegate.m */; };
		DD70C0941B1DB68A0096AE1B /* ViewController.m in Sources */ = {isa = PBXBuildFile; fileRef = DD70C0931B1DB68A0096AE1B /* ViewController.m */; };
		DD70C0971B1DB68A0096AE1B /* Main.storyboard in Resources */ = {isa = PBXBuildFile; fileRef = DD70C0951B1DB68A0096AE1B /* Main.storyboard */; };
		DD70C0991B1DB68A0096AE1B /* Images.xcassets in Resources */ = {isa = PBXBuildFile; fileRef = DD70C0981B1DB68A0096AE1B /* Images.xcassets */; };
		DD70C09C1B1DB68A0096AE1B /* LaunchScreen.xib in Resources */ = {isa = PBXBuildFile; fileRef = DD70C09A1B1DB68A0096AE1B /* LaunchScreen.xib */; };
		DD70C0A81B1DB68A0096AE1B /* CrutchKitExampleTests.m in Sources */ = {isa = PBXBuildFile; fileRef = DD70C0A71B1DB68A0096AE1B /* CrutchKitExampleTests.m */; };
		DD8C06CB1B28DB0000CAD71A /* CDProtocol.m in Sources */ = {isa = PBXBuildFile; fileRef = DD8C06AC1B28DB0000CAD71A /* CDProtocol.m */; };
		DD8C06CC1B28DB0000CAD71A /* CDSelector.m in Sources */ = {isa = PBXBuildFile; fileRef = DD8C06AF1B28DB0000CAD71A /* CDSelector.m */; };
		DD8C06CD1B28DB0000CAD71A /* CDDebugger.m in Sources */ = {isa = PBXBuildFile; fileRef = DD8C06B21B28DB0000CAD71A /* CDDebugger.m */; };
		DD8C06CE1B28DB0000CAD71A /* NSFileManager+CDExtension.m in Sources */ = {isa = PBXBuildFile; fileRef = DD8C06B51B28DB0000CAD71A /* NSFileManager+CDExtension.m */; };
		DD8C06CF1B28DB0000CAD71A /* UIApplication+CDProxy.m in Sources */ = {isa = PBXBuildFile; fileRef = DD8C06B81B28DB0000CAD71A /* UIApplication+CDProxy.m */; };
		DD8C06D01B28DB0000CAD71A /* UIColor+CDExtension.m in Sources */ = {isa = PBXBuildFile; fileRef = DD8C06BB1B28DB0000CAD71A /* UIColor+CDExtension.m */; };
		DD8C06D11B28DB0000CAD71A /* UIImage+CDCompare.m in Sources */ = {isa = PBXBuildFile; fileRef = DD8C06BE1B28DB0000CAD71A /* UIImage+CDCompare.m */; };
		DD8C06D21B28DB0000CAD71A /* UIImage+CDCreate.m in Sources */ = {isa = PBXBuildFile; fileRef = DD8C06C01B28DB0000CAD71A /* UIImage+CDCreate.m */; };
		DD8C06D31B28DB0000CAD71A /* UIImage+CDCrop.m in Sources */ = {isa = PBXBuildFile; fileRef = DD8C06C21B28DB0000CAD71A /* UIImage+CDCrop.m */; };
		DD8C06D41B28DB0000CAD71A /* UIImage+CDPainted.m in Sources */ = {isa = PBXBuildFile; fileRef = DD8C06C41B28DB0000CAD71A /* UIImage+CDPainted.m */; };
		DD8C06D51B28DB0000CAD71A /* UIImage+CDScale.m in Sources */ = {isa = PBXBuildFile; fileRef = DD8C06C61B28DB0000CAD71A /* UIImage+CDScale.m */; };
		DD8C06D61B28DB0000CAD71A /* UIResponder+CDExtension.m in Sources */ = {isa = PBXBuildFile; fileRef = DD8C06C91B28DB0000CAD71A /* UIResponder+CDExtension.m */; };
		DD9422DC1B5D54F000DC24A8 /* UIView+CDCompletion.m in Sources */ = {isa = PBXBuildFile; fileRef = DD9422DB1B5D54F000DC24A8 /* UIView+CDCompletion.m */; };
		DD9422E31B5E3EC400DC24A8 /* CDObserversProxy.m in Sources */ = {isa = PBXBuildFile; fileRef = DD9422E11B5E3EC400DC24A8 /* CDObserversProxy.m */; };
		DDE687F91B24501E00210914 /* TableViewController.m in Sources */ = {isa = PBXBuildFile; fileRef = DDE687F81B24501E00210914 /* TableViewController.m */; };
		DDE688061B246A5400210914 /* TableViewCell.m in Sources */ = {isa = PBXBuildFile; fileRef = DDE688051B246A5400210914 /* TableViewCell.m */; };
/* End PBXBuildFile section */

/* Begin PBXContainerItemProxy section */
		DD70C0A21B1DB68A0096AE1B /* PBXContainerItemProxy */ = {
			isa = PBXContainerItemProxy;
			containerPortal = DD70C0801B1DB6890096AE1B /* Project object */;
			proxyType = 1;
			remoteGlobalIDString = DD70C0871B1DB68A0096AE1B;
			remoteInfo = CrutchKitExample;
		};
/* End PBXContainerItemProxy section */

/* Begin PBXFileReference section */
		DD70C0881B1DB68A0096AE1B /* CrutchKitExample.app */ = {isa = PBXFileReference; explicitFileType = wrapper.application; includeInIndex = 0; path = CrutchKitExample.app; sourceTree = BUILT_PRODUCTS_DIR; };
		DD70C08C1B1DB68A0096AE1B /* Info.plist */ = {isa = PBXFileReference; lastKnownFileType = text.plist.xml; path = Info.plist; sourceTree = "<group>"; };
		DD70C08D1B1DB68A0096AE1B /* main.m */ = {isa = PBXFileReference; lastKnownFileType = sourcecode.c.objc; path = main.m; sourceTree = "<group>"; };
		DD70C08F1B1DB68A0096AE1B /* AppDelegate.h */ = {isa = PBXFileReference; lastKnownFileType = sourcecode.c.h; path = AppDelegate.h; sourceTree = "<group>"; };
		DD70C0901B1DB68A0096AE1B /* AppDelegate.m */ = {isa = PBXFileReference; lastKnownFileType = sourcecode.c.objc; path = AppDelegate.m; sourceTree = "<group>"; };
		DD70C0921B1DB68A0096AE1B /* ViewController.h */ = {isa = PBXFileReference; lastKnownFileType = sourcecode.c.h; path = ViewController.h; sourceTree = "<group>"; };
		DD70C0931B1DB68A0096AE1B /* ViewController.m */ = {isa = PBXFileReference; lastKnownFileType = sourcecode.c.objc; path = ViewController.m; sourceTree = "<group>"; };
		DD70C0961B1DB68A0096AE1B /* Base */ = {isa = PBXFileReference; lastKnownFileType = file.storyboard; name = Base; path = Base.lproj/Main.storyboard; sourceTree = "<group>"; };
		DD70C0981B1DB68A0096AE1B /* Images.xcassets */ = {isa = PBXFileReference; lastKnownFileType = folder.assetcatalog; path = Images.xcassets; sourceTree = "<group>"; };
		DD70C09B1B1DB68A0096AE1B /* Base */ = {isa = PBXFileReference; lastKnownFileType = file.xib; name = Base; path = Base.lproj/LaunchScreen.xib; sourceTree = "<group>"; };
		DD70C0A11B1DB68A0096AE1B /* CrutchKitExampleTests.xctest */ = {isa = PBXFileReference; explicitFileType = wrapper.cfbundle; includeInIndex = 0; path = CrutchKitExampleTests.xctest; sourceTree = BUILT_PRODUCTS_DIR; };
		DD70C0A61B1DB68A0096AE1B /* Info.plist */ = {isa = PBXFileReference; lastKnownFileType = text.plist.xml; path = Info.plist; sourceTree = "<group>"; };
		DD70C0A71B1DB68A0096AE1B /* CrutchKitExampleTests.m */ = {isa = PBXFileReference; lastKnownFileType = sourcecode.c.objc; path = CrutchKitExampleTests.m; sourceTree = "<group>"; };
		DD8C06AB1B28DB0000CAD71A /* CDProtocol.h */ = {isa = PBXFileReference; fileEncoding = 4; lastKnownFileType = sourcecode.c.h; path = CDProtocol.h; sourceTree = "<group>"; };
		DD8C06AC1B28DB0000CAD71A /* CDProtocol.m */ = {isa = PBXFileReference; fileEncoding = 4; lastKnownFileType = sourcecode.c.objc; path = CDProtocol.m; sourceTree = "<group>"; };
		DD8C06AE1B28DB0000CAD71A /* CDSelector.h */ = {isa = PBXFileReference; fileEncoding = 4; lastKnownFileType = sourcecode.c.h; path = CDSelector.h; sourceTree = "<group>"; };
		DD8C06AF1B28DB0000CAD71A /* CDSelector.m */ = {isa = PBXFileReference; fileEncoding = 4; lastKnownFileType = sourcecode.c.objc; path = CDSelector.m; sourceTree = "<group>"; };
		DD8C06B11B28DB0000CAD71A /* CDDebugger.h */ = {isa = PBXFileReference; fileEncoding = 4; lastKnownFileType = sourcecode.c.h; path = CDDebugger.h; sourceTree = "<group>"; };
		DD8C06B21B28DB0000CAD71A /* CDDebugger.m */ = {isa = PBXFileReference; fileEncoding = 4; lastKnownFileType = sourcecode.c.objc; path = CDDebugger.m; sourceTree = "<group>"; };
		DD8C06B41B28DB0000CAD71A /* NSFileManager+CDExtension.h */ = {isa = PBXFileReference; fileEncoding = 4; lastKnownFileType = sourcecode.c.h; path = "NSFileManager+CDExtension.h"; sourceTree = "<group>"; };
		DD8C06B51B28DB0000CAD71A /* NSFileManager+CDExtension.m */ = {isa = PBXFileReference; fileEncoding = 4; lastKnownFileType = sourcecode.c.objc; path = "NSFileManager+CDExtension.m"; sourceTree = "<group>"; };
		DD8C06B71B28DB0000CAD71A /* UIApplication+CDProxy.h */ = {isa = PBXFileReference; fileEncoding = 4; lastKnownFileType = sourcecode.c.h; path = "UIApplication+CDProxy.h"; sourceTree = "<group>"; };
		DD8C06B81B28DB0000CAD71A /* UIApplication+CDProxy.m */ = {isa = PBXFileReference; fileEncoding = 4; lastKnownFileType = sourcecode.c.objc; path = "UIApplication+CDProxy.m"; sourceTree = "<group>"; };
		DD8C06BA1B28DB0000CAD71A /* UIColor+CDExtension.h */ = {isa = PBXFileReference; fileEncoding = 4; lastKnownFileType = sourcecode.c.h; path = "UIColor+CDExtension.h"; sourceTree = "<group>"; };
		DD8C06BB1B28DB0000CAD71A /* UIColor+CDExtension.m */ = {isa = PBXFileReference; fileEncoding = 4; lastKnownFileType = sourcecode.c.objc; path = "UIColor+CDExtension.m"; sourceTree = "<group>"; };
		DD8C06BD1B28DB0000CAD71A /* UIImage+CDCompare.h */ = {isa = PBXFileReference; fileEncoding = 4; lastKnownFileType = sourcecode.c.h; path = "UIImage+CDCompare.h"; sourceTree = "<group>"; };
		DD8C06BE1B28DB0000CAD71A /* UIImage+CDCompare.m */ = {isa = PBXFileReference; fileEncoding = 4; lastKnownFileType = sourcecode.c.objc; path = "UIImage+CDCompare.m"; sourceTree = "<group>"; };
		DD8C06BF1B28DB0000CAD71A /* UIImage+CDCreate.h */ = {isa = PBXFileReference; fileEncoding = 4; lastKnownFileType = sourcecode.c.h; path = "UIImage+CDCreate.h"; sourceTree = "<group>"; };
		DD8C06C01B28DB0000CAD71A /* UIImage+CDCreate.m */ = {isa = PBXFileReference; fileEncoding = 4; lastKnownFileType = sourcecode.c.objc; path = "UIImage+CDCreate.m"; sourceTree = "<group>"; };
		DD8C06C11B28DB0000CAD71A /* UIImage+CDCrop.h */ = {isa = PBXFileReference; fileEncoding = 4; lastKnownFileType = sourcecode.c.h; path = "UIImage+CDCrop.h"; sourceTree = "<group>"; };
		DD8C06C21B28DB0000CAD71A /* UIImage+CDCrop.m */ = {isa = PBXFileReference; fileEncoding = 4; lastKnownFileType = sourcecode.c.objc; path = "UIImage+CDCrop.m"; sourceTree = "<group>"; };
		DD8C06C31B28DB0000CAD71A /* UIImage+CDPainted.h */ = {isa = PBXFileReference; fileEncoding = 4; lastKnownFileType = sourcecode.c.h; path = "UIImage+CDPainted.h"; sourceTree = "<group>"; };
		DD8C06C41B28DB0000CAD71A /* UIImage+CDPainted.m */ = {isa = PBXFileReference; fileEncoding = 4; lastKnownFileType = sourcecode.c.objc; path = "UIImage+CDPainted.m"; sourceTree = "<group>"; };
		DD8C06C51B28DB0000CAD71A /* UIImage+CDScale.h */ = {isa = PBXFileReference; fileEncoding = 4; lastKnownFileType = sourcecode.c.h; path = "UIImage+CDScale.h"; sourceTree = "<group>"; };
		DD8C06C61B28DB0000CAD71A /* UIImage+CDScale.m */ = {isa = PBXFileReference; fileEncoding = 4; lastKnownFileType = sourcecode.c.objc; path = "UIImage+CDScale.m"; sourceTree = "<group>"; };
		DD8C06C81B28DB0000CAD71A /* UIResponder+CDExtension.h */ = {isa = PBXFileReference; fileEncoding = 4; lastKnownFileType = sourcecode.c.h; path = "UIResponder+CDExtension.h"; sourceTree = "<group>"; };
		DD8C06C91B28DB0000CAD71A /* UIResponder+CDExtension.m */ = {isa = PBXFileReference; fileEncoding = 4; lastKnownFileType = sourcecode.c.objc; path = "UIResponder+CDExtension.m"; sourceTree = "<group>"; };
		DD9422DA1B5D54F000DC24A8 /* UIView+CDCompletion.h */ = {isa = PBXFileReference; fileEncoding = 4; lastKnownFileType = sourcecode.c.h; path = "UIView+CDCompletion.h"; sourceTree = "<group>"; };
		DD9422DB1B5D54F000DC24A8 /* UIView+CDCompletion.m */ = {isa = PBXFileReference; fileEncoding = 4; lastKnownFileType = sourcecode.c.objc; path = "UIView+CDCompletion.m"; sourceTree = "<group>"; };
		DD9422DE1B5D55A500DC24A8 /* CDTypes.h */ = {isa = PBXFileReference; fileEncoding = 4; lastKnownFileType = sourcecode.c.h; path = CDTypes.h; sourceTree = "<group>"; };
		DD9422E01B5E3EC400DC24A8 /* CDObserversProxy.h */ = {isa = PBXFileReference; fileEncoding = 4; lastKnownFileType = sourcecode.c.h; path = CDObserversProxy.h; sourceTree = "<group>"; };
		DD9422E11B5E3EC400DC24A8 /* CDObserversProxy.m */ = {isa = PBXFileReference; fileEncoding = 4; lastKnownFileType = sourcecode.c.objc; path = CDObserversProxy.m; sourceTree = "<group>"; };
		DD9422E21B5E3EC400DC24A8 /* CDProxy.h */ = {isa = PBXFileReference; fileEncoding = 4; lastKnownFileType = sourcecode.c.h; path = CDProxy.h; sourceTree = "<group>"; };
		DDE687F71B24501E00210914 /* TableViewController.h */ = {isa = PBXFileReference; fileEncoding = 4; lastKnownFileType = sourcecode.c.h; path = TableViewController.h; sourceTree = "<group>"; };
		DDE687F81B24501E00210914 /* TableViewController.m */ = {isa = PBXFileReference; fileEncoding = 4; lastKnownFileType = sourcecode.c.objc; path = TableViewController.m; sourceTree = "<group>"; };
		DDE688041B246A5400210914 /* TableViewCell.h */ = {isa = PBXFileReference; fileEncoding = 4; lastKnownFileType = sourcecode.c.h; path = TableViewCell.h; sourceTree = "<group>"; };
		DDE688051B246A5400210914 /* TableViewCell.m */ = {isa = PBXFileReference; fileEncoding = 4; lastKnownFileType = sourcecode.c.objc; path = TableViewCell.m; sourceTree = "<group>"; };
/* End PBXFileReference section */

/* Begin PBXFrameworksBuildPhase section */
		DD70C0851B1DB68A0096AE1B /* Frameworks */ = {
			isa = PBXFrameworksBuildPhase;
			buildActionMask = 2147483647;
			files = (
			);
			runOnlyForDeploymentPostprocessing = 0;
		};
		DD70C09E1B1DB68A0096AE1B /* Frameworks */ = {
			isa = PBXFrameworksBuildPhase;
			buildActionMask = 2147483647;
			files = (
			);
			runOnlyForDeploymentPostprocessing = 0;
		};
/* End PBXFrameworksBuildPhase section */

/* Begin PBXGroup section */
		DD70C07F1B1DB6890096AE1B = {
			isa = PBXGroup;
			children = (
				DD70C08A1B1DB68A0096AE1B /* CrutchKitExample */,
				DD70C0A41B1DB68A0096AE1B /* CrutchKitExampleTests */,
				DD70C0891B1DB68A0096AE1B /* Products */,
			);
			sourceTree = "<group>";
		};
		DD70C0891B1DB68A0096AE1B /* Products */ = {
			isa = PBXGroup;
			children = (
				DD70C0881B1DB68A0096AE1B /* CrutchKitExample.app */,
				DD70C0A11B1DB68A0096AE1B /* CrutchKitExampleTests.xctest */,
			);
			name = Products;
			sourceTree = "<group>";
		};
		DD70C08A1B1DB68A0096AE1B /* CrutchKitExample */ = {
			isa = PBXGroup;
			children = (
				DD8C06A51B28DB0000CAD71A /* Classes */,
				DD70C08F1B1DB68A0096AE1B /* AppDelegate.h */,
				DD70C0901B1DB68A0096AE1B /* AppDelegate.m */,
				DD70C0921B1DB68A0096AE1B /* ViewController.h */,
				DD70C0931B1DB68A0096AE1B /* ViewController.m */,
				DDE687F71B24501E00210914 /* TableViewController.h */,
				DDE687F81B24501E00210914 /* TableViewController.m */,
				DD70C0951B1DB68A0096AE1B /* Main.storyboard */,
				DD70C0981B1DB68A0096AE1B /* Images.xcassets */,
				DD70C09A1B1DB68A0096AE1B /* LaunchScreen.xib */,
				DD70C08B1B1DB68A0096AE1B /* Supporting Files */,
				DDE688041B246A5400210914 /* TableViewCell.h */,
				DDE688051B246A5400210914 /* TableViewCell.m */,
			);
			path = CrutchKitExample;
			sourceTree = "<group>";
		};
		DD70C08B1B1DB68A0096AE1B /* Supporting Files */ = {
			isa = PBXGroup;
			children = (
				DD70C08C1B1DB68A0096AE1B /* Info.plist */,
				DD70C08D1B1DB68A0096AE1B /* main.m */,
			);
			name = "Supporting Files";
			sourceTree = "<group>";
		};
		DD70C0A41B1DB68A0096AE1B /* CrutchKitExampleTests */ = {
			isa = PBXGroup;
			children = (
				DD70C0A71B1DB68A0096AE1B /* CrutchKitExampleTests.m */,
				DD70C0A51B1DB68A0096AE1B /* Supporting Files */,
			);
			path = CrutchKitExampleTests;
			sourceTree = "<group>";
		};
		DD70C0A51B1DB68A0096AE1B /* Supporting Files */ = {
			isa = PBXGroup;
			children = (
				DD70C0A61B1DB68A0096AE1B /* Info.plist */,
			);
			name = "Supporting Files";
			sourceTree = "<group>";
		};
		DD8C06A51B28DB0000CAD71A /* Classes */ = {
			isa = PBXGroup;
			children = (
				DD9422DF1B5E3EC400DC24A8 /* CDProxy */,
				DD9422DD1B5D557000DC24A8 /* CDTypes */,
				DD9422D91B5D549E00DC24A8 /* UIView+CDCompletion */,
				DD8C06AA1B28DB0000CAD71A /* CDProtocol */,
				DD8C06AD1B28DB0000CAD71A /* CDSelector */,
				DD8C06B01B28DB0000CAD71A /* Debug */,
				DD8C06B31B28DB0000CAD71A /* NSFileManager */,
				DD8C06B61B28DB0000CAD71A /* UIApplication */,
				DD8C06B91B28DB0000CAD71A /* UIColor */,
				DD8C06BC1B28DB0000CAD71A /* UIImage */,
				DD8C06C71B28DB0000CAD71A /* UIResponder */,
			);
			name = Classes;
			path = ../../../Classes;
			sourceTree = "<group>";
		};
		DD8C06AA1B28DB0000CAD71A /* CDProtocol */ = {
			isa = PBXGroup;
			children = (
				DD8C06AB1B28DB0000CAD71A /* CDProtocol.h */,
				DD8C06AC1B28DB0000CAD71A /* CDProtocol.m */,
			);
			path = CDProtocol;
			sourceTree = "<group>";
		};
		DD8C06AD1B28DB0000CAD71A /* CDSelector */ = {
			isa = PBXGroup;
			children = (
				DD8C06AE1B28DB0000CAD71A /* CDSelector.h */,
				DD8C06AF1B28DB0000CAD71A /* CDSelector.m */,
			);
			path = CDSelector;
			sourceTree = "<group>";
		};
		DD8C06B01B28DB0000CAD71A /* Debug */ = {
			isa = PBXGroup;
			children = (
				DD8C06B11B28DB0000CAD71A /* CDDebugger.h */,
				DD8C06B21B28DB0000CAD71A /* CDDebugger.m */,
			);
			path = Debug;
			sourceTree = "<group>";
		};
		DD8C06B31B28DB0000CAD71A /* NSFileManager */ = {
			isa = PBXGroup;
			children = (
				DD8C06B41B28DB0000CAD71A /* NSFileManager+CDExtension.h */,
				DD8C06B51B28DB0000CAD71A /* NSFileManager+CDExtension.m */,
			);
			path = NSFileManager;
			sourceTree = "<group>";
		};
		DD8C06B61B28DB0000CAD71A /* UIApplication */ = {
			isa = PBXGroup;
			children = (
				DD8C06B71B28DB0000CAD71A /* UIApplication+CDProxy.h */,
				DD8C06B81B28DB0000CAD71A /* UIApplication+CDProxy.m */,
			);
			path = UIApplication;
			sourceTree = "<group>";
		};
		DD8C06B91B28DB0000CAD71A /* UIColor */ = {
			isa = PBXGroup;
			children = (
				DD8C06BA1B28DB0000CAD71A /* UIColor+CDExtension.h */,
				DD8C06BB1B28DB0000CAD71A /* UIColor+CDExtension.m */,
			);
			path = UIColor;
			sourceTree = "<group>";
		};
		DD8C06BC1B28DB0000CAD71A /* UIImage */ = {
			isa = PBXGroup;
			children = (
				DD8C06BD1B28DB0000CAD71A /* UIImage+CDCompare.h */,
				DD8C06BE1B28DB0000CAD71A /* UIImage+CDCompare.m */,
				DD8C06BF1B28DB0000CAD71A /* UIImage+CDCreate.h */,
				DD8C06C01B28DB0000CAD71A /* UIImage+CDCreate.m */,
				DD8C06C11B28DB0000CAD71A /* UIImage+CDCrop.h */,
				DD8C06C21B28DB0000CAD71A /* UIImage+CDCrop.m */,
				DD8C06C31B28DB0000CAD71A /* UIImage+CDPainted.h */,
				DD8C06C41B28DB0000CAD71A /* UIImage+CDPainted.m */,
				DD8C06C51B28DB0000CAD71A /* UIImage+CDScale.h */,
				DD8C06C61B28DB0000CAD71A /* UIImage+CDScale.m */,
			);
			path = UIImage;
			sourceTree = "<group>";
		};
		DD8C06C71B28DB0000CAD71A /* UIResponder */ = {
			isa = PBXGroup;
			children = (
				DD8C06C81B28DB0000CAD71A /* UIResponder+CDExtension.h */,
				DD8C06C91B28DB0000CAD71A /* UIResponder+CDExtension.m */,
			);
			path = UIResponder;
			sourceTree = "<group>";
		};
		DD9422D91B5D549E00DC24A8 /* UIView+CDCompletion */ = {
			isa = PBXGroup;
			children = (
				DD9422DA1B5D54F000DC24A8 /* UIView+CDCompletion.h */,
				DD9422DB1B5D54F000DC24A8 /* UIView+CDCompletion.m */,
			);
			name = "UIView+CDCompletion";
			sourceTree = "<group>";
		};
		DD9422DD1B5D557000DC24A8 /* CDTypes */ = {
			isa = PBXGroup;
			children = (
				DD9422DE1B5D55A500DC24A8 /* CDTypes.h */,
			);
			name = CDTypes;
			sourceTree = "<group>";
		};
		DD9422DF1B5E3EC400DC24A8 /* CDProxy */ = {
			isa = PBXGroup;
			children = (
				DD9422E01B5E3EC400DC24A8 /* CDObserversProxy.h */,
				DD9422E11B5E3EC400DC24A8 /* CDObserversProxy.m */,
				DD9422E21B5E3EC400DC24A8 /* CDProxy.h */,
			);
			path = CDProxy;
			sourceTree = "<group>";
		};
/* End PBXGroup section */

/* Begin PBXNativeTarget section */
		DD70C0871B1DB68A0096AE1B /* CrutchKitExample */ = {
			isa = PBXNativeTarget;
			buildConfigurationList = DD70C0AB1B1DB68A0096AE1B /* Build configuration list for PBXNativeTarget "CrutchKitExample" */;
			buildPhases = (
				DD70C0841B1DB68A0096AE1B /* Sources */,
				DD70C0851B1DB68A0096AE1B /* Frameworks */,
				DD70C0861B1DB68A0096AE1B /* Resources */,
			);
			buildRules = (
			);
			dependencies = (
			);
			name = CrutchKitExample;
			productName = CrutchKitExample;
			productReference = DD70C0881B1DB68A0096AE1B /* CrutchKitExample.app */;
			productType = "com.apple.product-type.application";
		};
		DD70C0A01B1DB68A0096AE1B /* CrutchKitExampleTests */ = {
			isa = PBXNativeTarget;
			buildConfigurationList = DD70C0AE1B1DB68A0096AE1B /* Build configuration list for PBXNativeTarget "CrutchKitExampleTests" */;
			buildPhases = (
				DD70C09D1B1DB68A0096AE1B /* Sources */,
				DD70C09E1B1DB68A0096AE1B /* Frameworks */,
				DD70C09F1B1DB68A0096AE1B /* Resources */,
			);
			buildRules = (
			);
			dependencies = (
				DD70C0A31B1DB68A0096AE1B /* PBXTargetDependency */,
			);
			name = CrutchKitExampleTests;
			productName = CrutchKitExampleTests;
			productReference = DD70C0A11B1DB68A0096AE1B /* CrutchKitExampleTests.xctest */;
			productType = "com.apple.product-type.bundle.unit-test";
		};
/* End PBXNativeTarget section */

/* Begin PBXProject section */
		DD70C0801B1DB6890096AE1B /* Project object */ = {
			isa = PBXProject;
			attributes = {
				LastUpgradeCheck = 0630;
				ORGANIZATIONNAME = cognitivedisson;
				TargetAttributes = {
					DD70C0871B1DB68A0096AE1B = {
						CreatedOnToolsVersion = 6.3.1;
					};
					DD70C0A01B1DB68A0096AE1B = {
						CreatedOnToolsVersion = 6.3.1;
						TestTargetID = DD70C0871B1DB68A0096AE1B;
					};
				};
			};
			buildConfigurationList = DD70C0831B1DB6890096AE1B /* Build configuration list for PBXProject "CrutchKitExample" */;
			compatibilityVersion = "Xcode 3.2";
			developmentRegion = English;
			hasScannedForEncodings = 0;
			knownRegions = (
				en,
				Base,
			);
			mainGroup = DD70C07F1B1DB6890096AE1B;
			productRefGroup = DD70C0891B1DB68A0096AE1B /* Products */;
			projectDirPath = "";
			projectRoot = "";
			targets = (
				DD70C0871B1DB68A0096AE1B /* CrutchKitExample */,
				DD70C0A01B1DB68A0096AE1B /* CrutchKitExampleTests */,
			);
		};
/* End PBXProject section */

/* Begin PBXResourcesBuildPhase section */
		DD70C0861B1DB68A0096AE1B /* Resources */ = {
			isa = PBXResourcesBuildPhase;
			buildActionMask = 2147483647;
			files = (
				DD70C0971B1DB68A0096AE1B /* Main.storyboard in Resources */,
				DD70C09C1B1DB68A0096AE1B /* LaunchScreen.xib in Resources */,
				DD70C0991B1DB68A0096AE1B /* Images.xcassets in Resources */,
			);
			runOnlyForDeploymentPostprocessing = 0;
		};
		DD70C09F1B1DB68A0096AE1B /* Resources */ = {
			isa = PBXResourcesBuildPhase;
			buildActionMask = 2147483647;
			files = (
			);
			runOnlyForDeploymentPostprocessing = 0;
		};
/* End PBXResourcesBuildPhase section */

/* Begin PBXSourcesBuildPhase section */
		DD70C0841B1DB68A0096AE1B /* Sources */ = {
			isa = PBXSourcesBuildPhase;
			buildActionMask = 2147483647;
			files = (
				DD8C06D01B28DB0000CAD71A /* UIColor+CDExtension.m in Sources */,
				DD70C0941B1DB68A0096AE1B /* ViewController.m in Sources */,
				DD8C06CE1B28DB0000CAD71A /* NSFileManager+CDExtension.m in Sources */,
				DD8C06D31B28DB0000CAD71A /* UIImage+CDCrop.m in Sources */,
				DD8C06CB1B28DB0000CAD71A /* CDProtocol.m in Sources */,
				DD8C06D21B28DB0000CAD71A /* UIImage+CDCreate.m in Sources */,
				DD9422E31B5E3EC400DC24A8 /* CDObserversProxy.m in Sources */,
				DD8C06D41B28DB0000CAD71A /* UIImage+CDPainted.m in Sources */,
				DD8C06D51B28DB0000CAD71A /* UIImage+CDScale.m in Sources */,
				DDE687F91B24501E00210914 /* TableViewController.m in Sources */,
				DD70C0911B1DB68A0096AE1B /* AppDelegate.m in Sources */,
				DD8C06CD1B28DB0000CAD71A /* CDDebugger.m in Sources */,
				DD8C06CF1B28DB0000CAD71A /* UIApplication+CDProxy.m in Sources */,
				DD9422DC1B5D54F000DC24A8 /* UIView+CDCompletion.m in Sources */,
				DD70C08E1B1DB68A0096AE1B /* main.m in Sources */,
				DD8C06D11B28DB0000CAD71A /* UIImage+CDCompare.m in Sources */,
				DD8C06D61B28DB0000CAD71A /* UIResponder+CDExtension.m in Sources */,
				DDE688061B246A5400210914 /* TableViewCell.m in Sources */,
				DD8C06CC1B28DB0000CAD71A /* CDSelector.m in Sources */,
			);
			runOnlyForDeploymentPostprocessing = 0;
		};
		DD70C09D1B1DB68A0096AE1B /* Sources */ = {
			isa = PBXSourcesBuildPhase;
			buildActionMask = 2147483647;
			files = (
				DD70C0A81B1DB68A0096AE1B /* CrutchKitExampleTests.m in Sources */,
			);
			runOnlyForDeploymentPostprocessing = 0;
		};
/* End PBXSourcesBuildPhase section */

/* Begin PBXTargetDependency section */
		DD70C0A31B1DB68A0096AE1B /* PBXTargetDependency */ = {
			isa = PBXTargetDependency;
			target = DD70C0871B1DB68A0096AE1B /* CrutchKitExample */;
			targetProxy = DD70C0A21B1DB68A0096AE1B /* PBXContainerItemProxy */;
		};
/* End PBXTargetDependency section */

/* Begin PBXVariantGroup section */
		DD70C0951B1DB68A0096AE1B /* Main.storyboard */ = {
			isa = PBXVariantGroup;
			children = (
				DD70C0961B1DB68A0096AE1B /* Base */,
			);
			name = Main.storyboard;
			sourceTree = "<group>";
		};
		DD70C09A1B1DB68A0096AE1B /* LaunchScreen.xib */ = {
			isa = PBXVariantGroup;
			children = (
				DD70C09B1B1DB68A0096AE1B /* Base */,
			);
			name = LaunchScreen.xib;
			sourceTree = "<group>";
		};
/* End PBXVariantGroup section */

/* Begin XCBuildConfiguration section */
		DD70C0A91B1DB68A0096AE1B /* Debug */ = {
			isa = XCBuildConfiguration;
			buildSettings = {
				ALWAYS_SEARCH_USER_PATHS = NO;
				CLANG_CXX_LANGUAGE_STANDARD = "gnu++0x";
				CLANG_CXX_LIBRARY = "libc++";
				CLANG_ENABLE_MODULES = YES;
				CLANG_ENABLE_OBJC_ARC = YES;
				CLANG_WARN_BOOL_CONVERSION = YES;
				CLANG_WARN_CONSTANT_CONVERSION = YES;
				CLANG_WARN_DIRECT_OBJC_ISA_USAGE = YES_ERROR;
				CLANG_WARN_EMPTY_BODY = YES;
				CLANG_WARN_ENUM_CONVERSION = YES;
				CLANG_WARN_INT_CONVERSION = YES;
				CLANG_WARN_OBJC_ROOT_CLASS = YES_ERROR;
				CLANG_WARN_UNREACHABLE_CODE = YES;
				CLANG_WARN__DUPLICATE_METHOD_MATCH = YES;
				"CODE_SIGN_IDENTITY[sdk=iphoneos*]" = "iPhone Developer";
				COPY_PHASE_STRIP = NO;
				DEBUG_INFORMATION_FORMAT = "dwarf-with-dsym";
				ENABLE_STRICT_OBJC_MSGSEND = YES;
				GCC_C_LANGUAGE_STANDARD = gnu99;
				GCC_DYNAMIC_NO_PIC = NO;
				GCC_NO_COMMON_BLOCKS = YES;
				GCC_OPTIMIZATION_LEVEL = 0;
				GCC_PREPROCESSOR_DEFINITIONS = (
					"DEBUG=1",
					"$(inherited)",
				);
				GCC_SYMBOLS_PRIVATE_EXTERN = NO;
				GCC_WARN_64_TO_32_BIT_CONVERSION = YES;
				GCC_WARN_ABOUT_RETURN_TYPE = YES_ERROR;
				GCC_WARN_UNDECLARED_SELECTOR = YES;
				GCC_WARN_UNINITIALIZED_AUTOS = YES_AGGRESSIVE;
				GCC_WARN_UNUSED_FUNCTION = YES;
				GCC_WARN_UNUSED_VARIABLE = YES;
				IPHONEOS_DEPLOYMENT_TARGET = 8.3;
				MTL_ENABLE_DEBUG_INFO = YES;
				ONLY_ACTIVE_ARCH = YES;
				SDKROOT = iphoneos;
				TARGETED_DEVICE_FAMILY = "1,2";
			};
			name = Debug;
		};
		DD70C0AA1B1DB68A0096AE1B /* Release */ = {
			isa = XCBuildConfiguration;
			buildSettings = {
				ALWAYS_SEARCH_USER_PATHS = NO;
				CLANG_CXX_LANGUAGE_STANDARD = "gnu++0x";
				CLANG_CXX_LIBRARY = "libc++";
				CLANG_ENABLE_MODULES = YES;
				CLANG_ENABLE_OBJC_ARC = YES;
				CLANG_WARN_BOOL_CONVERSION = YES;
				CLANG_WARN_CONSTANT_CONVERSION = YES;
				CLANG_WARN_DIRECT_OBJC_ISA_USAGE = YES_ERROR;
				CLANG_WARN_EMPTY_BODY = YES;
				CLANG_WARN_ENUM_CONVERSION = YES;
				CLANG_WARN_INT_CONVERSION = YES;
				CLANG_WARN_OBJC_ROOT_CLASS = YES_ERROR;
				CLANG_WARN_UNREACHABLE_CODE = YES;
				CLANG_WARN__DUPLICATE_METHOD_MATCH = YES;
				"CODE_SIGN_IDENTITY[sdk=iphoneos*]" = "iPhone Developer";
				COPY_PHASE_STRIP = NO;
				DEBUG_INFORMATION_FORMAT = "dwarf-with-dsym";
				ENABLE_NS_ASSERTIONS = NO;
				ENABLE_STRICT_OBJC_MSGSEND = YES;
				GCC_C_LANGUAGE_STANDARD = gnu99;
				GCC_NO_COMMON_BLOCKS = YES;
				GCC_WARN_64_TO_32_BIT_CONVERSION = YES;
				GCC_WARN_ABOUT_RETURN_TYPE = YES_ERROR;
				GCC_WARN_UNDECLARED_SELECTOR = YES;
				GCC_WARN_UNINITIALIZED_AUTOS = YES_AGGRESSIVE;
				GCC_WARN_UNUSED_FUNCTION = YES;
				GCC_WARN_UNUSED_VARIABLE = YES;
				IPHONEOS_DEPLOYMENT_TARGET = 8.3;
				MTL_ENABLE_DEBUG_INFO = NO;
				SDKROOT = iphoneos;
				TARGETED_DEVICE_FAMILY = "1,2";
				VALIDATE_PRODUCT = YES;
			};
			name = Release;
		};
		DD70C0AC1B1DB68A0096AE1B /* Debug */ = {
			isa = XCBuildConfiguration;
			buildSettings = {
				ASSETCATALOG_COMPILER_APPICON_NAME = AppIcon;
				INFOPLIST_FILE = CrutchKitExample/Info.plist;
				LD_RUNPATH_SEARCH_PATHS = "$(inherited) @executable_path/Frameworks";
				PRODUCT_NAME = "$(TARGET_NAME)";
			};
			name = Debug;
		};
		DD70C0AD1B1DB68A0096AE1B /* Release */ = {
			isa = XCBuildConfiguration;
			buildSettings = {
				ASSETCATALOG_COMPILER_APPICON_NAME = AppIcon;
				INFOPLIST_FILE = CrutchKitExample/Info.plist;
				LD_RUNPATH_SEARCH_PATHS = "$(inherited) @executable_path/Frameworks";
				PRODUCT_NAME = "$(TARGET_NAME)";
			};
			name = Release;
		};
		DD70C0AF1B1DB68A0096AE1B /* Debug */ = {
			isa = XCBuildConfiguration;
			buildSettings = {
				BUNDLE_LOADER = "$(TEST_HOST)";
				FRAMEWORK_SEARCH_PATHS = (
					"$(SDKROOT)/Developer/Library/Frameworks",
					"$(inherited)",
				);
				GCC_PREPROCESSOR_DEFINITIONS = (
					"DEBUG=1",
					"$(inherited)",
				);
				INFOPLIST_FILE = CrutchKitExampleTests/Info.plist;
				LD_RUNPATH_SEARCH_PATHS = "$(inherited) @executable_path/Frameworks @loader_path/Frameworks";
				PRODUCT_NAME = "$(TARGET_NAME)";
				TEST_HOST = "$(BUILT_PRODUCTS_DIR)/CrutchKitExample.app/CrutchKitExample";
			};
			name = Debug;
		};
		DD70C0B01B1DB68A0096AE1B /* Release */ = {
			isa = XCBuildConfiguration;
			buildSettings = {
				BUNDLE_LOADER = "$(TEST_HOST)";
				FRAMEWORK_SEARCH_PATHS = (
					"$(SDKROOT)/Developer/Library/Frameworks",
					"$(inherited)",
				);
				INFOPLIST_FILE = CrutchKitExampleTests/Info.plist;
				LD_RUNPATH_SEARCH_PATHS = "$(inherited) @executable_path/Frameworks @loader_path/Frameworks";
				PRODUCT_NAME = "$(TARGET_NAME)";
				TEST_HOST = "$(BUILT_PRODUCTS_DIR)/CrutchKitExample.app/CrutchKitExample";
			};
			name = Release;
		};
/* End XCBuildConfiguration section */

/* Begin XCConfigurationList section */
		DD70C0831B1DB6890096AE1B /* Build configuration list for PBXProject "CrutchKitExample" */ = {
			isa = XCConfigurationList;
			buildConfigurations = (
				DD70C0A91B1DB68A0096AE1B /* Debug */,
				DD70C0AA1B1DB68A0096AE1B /* Release */,
			);
			defaultConfigurationIsVisible = 0;
			defaultConfigurationName = Release;
		};
		DD70C0AB1B1DB68A0096AE1B /* Build configuration list for PBXNativeTarget "CrutchKitExample" */ = {
			isa = XCConfigurationList;
			buildConfigurations = (
				DD70C0AC1B1DB68A0096AE1B /* Debug */,
				DD70C0AD1B1DB68A0096AE1B /* Release */,
			);
			defaultConfigurationIsVisible = 0;
			defaultConfigurationName = Release;
		};
		DD70C0AE1B1DB68A0096AE1B /* Build configuration list for PBXNativeTarget "CrutchKitExampleTests" */ = {
			isa = XCConfigurationList;
			buildConfigurations = (
				DD70C0AF1B1DB68A0096AE1B /* Debug */,
				DD70C0B01B1DB68A0096AE1B /* Release */,
			);
			defaultConfigurationIsVisible = 0;
			defaultConfigurationName = Release;
		};
/* End XCConfigurationList section */
	};
	rootObject = DD70C0801B1DB6890096AE1B /* Project object */;
}
